{
  "name": "nestjs-redis",
  "version": "0.0.0",
  "lockfileVersion": 1,
  "requires": true,
  "dependencies": {
    "@types/ioredis": {
      "version": "4.0.4",
      "resolved": "https://registry.npmjs.org/@types/ioredis/-/ioredis-4.0.4.tgz",
      "integrity": "sha512-QdJTMFrmKkphjoGIxItTMhP++8/6INLbgSIxB8kd9N+3OuiuiaZ2knt+OR4gFQrloac/ctwaQA1PCzISmD9afQ==",
      "dev": true,
      "requires": {
        "@types/node": "10.12.12"
      }
    },
    "@types/node": {
      "version": "10.12.12",
      "resolved": "https://registry.npmjs.org/@types/node/-/node-10.12.12.tgz",
      "integrity": "sha512-Pr+6JRiKkfsFvmU/LK68oBRCQeEg36TyAbPhc2xpez24OOZZCuoIhWGTd39VZy6nGafSbxzGouFPTFD/rR1A0A==",
      "dev": true
    }
  }
}
